
Microsoft Visual Studio Solution File, Format Version 12.00
Project("{FAE04EC0-301F-11D3-BF4B-00C04F79EFBC}") = "BitsmapWorkerService", "BitsmapWorkerService.csproj", "{A13CB6E0-951A-4C23-BA96-3F9D794BD415}"
EndProject
Global
	GlobalSection(SolutionConfigurationPlatforms) = preSolution
		Debug|Any CPU = Debug|Any CPU
		Release|Any CPU = Release|Any CPU
	EndGlobalSection
	GlobalSection(ProjectConfigurationPlatforms) = postSolution
		{A13CB6E0-951A-4C23-BA96-3F9D794BD415}.Debug|Any CPU.ActiveCfg = Debug|Any CPU
		{A13CB6E0-951A-4C23-BA96-3F9D794BD415}.Debug|Any CPU.Build.0 = Debug|Any CPU
		{A13CB6E0-951A-4C23-BA96-3F9D794BD415}.Release|Any CPU.ActiveCfg = Release|Any CPU
		{A13CB6E0-951A-4C23-BA96-3F9D794BD415}.Release|Any CPU.Build.0 = Release|Any CPU
	EndGlobalSection
EndGlobal
